
Microsoft Visual Studio Solution File, Format Version 12.00
# Visual Studio Version 17
VisualStudioVersion = 17.0.31903.59
MinimumVisualStudioVersion = 10.0.40219.1
Project("{2150E333-8FDC-42A3-9474-1A3956D46DE8}") = "src", "src", "{CC24F119-91DE-4063-A450-1C099AA2DFA3}"
EndProject
Project("{2150E333-8FDC-42A3-9474-1A3956D46DE8}") = "tests", "tests", "{7C528FFB-CC4C-4B04-9B03-2E2285F6F12A}"
EndProject
Project("{2150E333-8FDC-42A3-9474-1A3956D46DE8}") = "Backend", "Backend", "{610ADD8A-5CC6-48B1-BF25-756DDA8D8555}"
EndProject
Project("{2150E333-8FDC-42A3-9474-1A3956D46DE8}") = "Shared", "Shared", "{99AFB34B-1E63-4348-B36E-D3EC8FFBC4FE}"
EndProject
Project("{9A19103F-16F7-4668-BE54-9A1E7A4F7556}") = "MyRecipeBook.Api", "src\Backend\MyRecipeBook.Api\MyRecipeBook.Api.csproj", "{FAD395E3-C2C3-41E0-A2EF-C257712A3205}"
EndProject
Project("{9A19103F-16F7-4668-BE54-9A1E7A4F7556}") = "MyRecipeBook.Application", "src\Backend\MyRecipeBook.Application\MyRecipeBook.Application.csproj", "{3C4D5210-AA39-4679-96C3-F05915C5EE4C}"
EndProject
Project("{9A19103F-16F7-4668-BE54-9A1E7A4F7556}") = "MyRecipeBook.Domain", "src\Backend\MyRecipeBook.Domain\MyRecipeBook.Domain.csproj", "{4F6E71EC-71A1-42A2-83D0-61C5BFD128D9}"
EndProject
Project("{9A19103F-16F7-4668-BE54-9A1E7A4F7556}") = "MyRecipeBook.Infrastructure", "src\Backend\MyRecipeBook.Infrastructure\MyRecipeBook.Infrastructure.csproj", "{A94E52DA-0499-404C-B85E-208C2ABD6F7C}"
EndProject
Project("{9A19103F-16F7-4668-BE54-9A1E7A4F7556}") = "MyRecipeBook.Communication", "src\Shared\MyRecipeBook.Communication\MyRecipeBook.Communication.csproj", "{2350B9BB-C30A-478E-B2EE-97FEAC674431}"
EndProject
Project("{9A19103F-16F7-4668-BE54-9A1E7A4F7556}") = "MyRecipeBook.Exceptions", "src\Shared\MyRecipeBook.Exceptions\MyRecipeBook.Exceptions.csproj", "{C40AD564-0A20-4EEE-B6EB-320A742894F2}"
EndProject
Project("{9A19103F-16F7-4668-BE54-9A1E7A4F7556}") = "Validators.Test", "tests\Validators.Test\Validators.Test.csproj", "{5C077D4B-7308-4F41-8301-90B69658CCAD}"
EndProject
Project("{9A19103F-16F7-4668-BE54-9A1E7A4F7556}") = "CommonTestsUtilities", "tests\CommonTestsUtilities\CommonTestsUtilities.csproj", "{B532AFE1-7414-447D-9CDC-C514BFBD8474}"
EndProject
Project("{FAE04EC0-301F-11D3-BF4B-00C04F79EFBC}") = "UseCases.Test", "tests\UseCases.Test\UseCases.Test.csproj", "{458156D9-18D1-4E01-BAD6-604CBBE39E20}"
EndProject
Global
	GlobalSection(SolutionConfigurationPlatforms) = preSolution
		Debug|Any CPU = Debug|Any CPU
		Release|Any CPU = Release|Any CPU
	EndGlobalSection
	GlobalSection(ProjectConfigurationPlatforms) = postSolution
		{FAD395E3-C2C3-41E0-A2EF-C257712A3205}.Debug|Any CPU.ActiveCfg = Debug|Any CPU
		{FAD395E3-C2C3-41E0-A2EF-C257712A3205}.Debug|Any CPU.Build.0 = Debug|Any CPU
		{FAD395E3-C2C3-41E0-A2EF-C257712A3205}.Release|Any CPU.ActiveCfg = Release|Any CPU
		{FAD395E3-C2C3-41E0-A2EF-C257712A3205}.Release|Any CPU.Build.0 = Release|Any CPU
		{3C4D5210-AA39-4679-96C3-F05915C5EE4C}.Debug|Any CPU.ActiveCfg = Debug|Any CPU
		{3C4D5210-AA39-4679-96C3-F05915C5EE4C}.Debug|Any CPU.Build.0 = Debug|Any CPU
		{3C4D5210-AA39-4679-96C3-F05915C5EE4C}.Release|Any CPU.ActiveCfg = Release|Any CPU
		{3C4D5210-AA39-4679-96C3-F05915C5EE4C}.Release|Any CPU.Build.0 = Release|Any CPU
		{4F6E71EC-71A1-42A2-83D0-61C5BFD128D9}.Debug|Any CPU.ActiveCfg = Debug|Any CPU
		{4F6E71EC-71A1-42A2-83D0-61C5BFD128D9}.Debug|Any CPU.Build.0 = Debug|Any CPU
		{4F6E71EC-71A1-42A2-83D0-61C5BFD128D9}.Release|Any CPU.ActiveCfg = Release|Any CPU
		{4F6E71EC-71A1-42A2-83D0-61C5BFD128D9}.Release|Any CPU.Build.0 = Release|Any CPU
		{A94E52DA-0499-404C-B85E-208C2ABD6F7C}.Debug|Any CPU.ActiveCfg = Debug|Any CPU
		{A94E52DA-0499-404C-B85E-208C2ABD6F7C}.Debug|Any CPU.Build.0 = Debug|Any CPU
		{A94E52DA-0499-404C-B85E-208C2ABD6F7C}.Release|Any CPU.ActiveCfg = Release|Any CPU
		{A94E52DA-0499-404C-B85E-208C2ABD6F7C}.Release|Any CPU.Build.0 = Release|Any CPU
		{2350B9BB-C30A-478E-B2EE-97FEAC674431}.Debug|Any CPU.ActiveCfg = Debug|Any CPU
		{2350B9BB-C30A-478E-B2EE-97FEAC674431}.Debug|Any CPU.Build.0 = Debug|Any CPU
		{2350B9BB-C30A-478E-B2EE-97FEAC674431}.Release|Any CPU.ActiveCfg = Release|Any CPU
		{2350B9BB-C30A-478E-B2EE-97FEAC674431}.Release|Any CPU.Build.0 = Release|Any CPU
		{C40AD564-0A20-4EEE-B6EB-320A742894F2}.Debug|Any CPU.ActiveCfg = Debug|Any CPU
		{C40AD564-0A20-4EEE-B6EB-320A742894F2}.Debug|Any CPU.Build.0 = Debug|Any CPU
		{C40AD564-0A20-4EEE-B6EB-320A742894F2}.Release|Any CPU.ActiveCfg = Release|Any CPU
		{C40AD564-0A20-4EEE-B6EB-320A742894F2}.Release|Any CPU.Build.0 = Release|Any CPU
		{5C077D4B-7308-4F41-8301-90B69658CCAD}.Debug|Any CPU.ActiveCfg = Debug|Any CPU
		{5C077D4B-7308-4F41-8301-90B69658CCAD}.Debug|Any CPU.Build.0 = Debug|Any CPU
		{5C077D4B-7308-4F41-8301-90B69658CCAD}.Release|Any CPU.ActiveCfg = Release|Any CPU
		{5C077D4B-7308-4F41-8301-90B69658CCAD}.Release|Any CPU.Build.0 = Release|Any CPU
		{B532AFE1-7414-447D-9CDC-C514BFBD8474}.Debug|Any CPU.ActiveCfg = Debug|Any CPU
		{B532AFE1-7414-447D-9CDC-C514BFBD8474}.Debug|Any CPU.Build.0 = Debug|Any CPU
		{B532AFE1-7414-447D-9CDC-C514BFBD8474}.Release|Any CPU.ActiveCfg = Release|Any CPU
		{B532AFE1-7414-447D-9CDC-C514BFBD8474}.Release|Any CPU.Build.0 = Release|Any CPU
		{458156D9-18D1-4E01-BAD6-604CBBE39E20}.Debug|Any CPU.ActiveCfg = Debug|Any CPU
		{458156D9-18D1-4E01-BAD6-604CBBE39E20}.Debug|Any CPU.Build.0 = Debug|Any CPU
		{458156D9-18D1-4E01-BAD6-604CBBE39E20}.Release|Any CPU.ActiveCfg = Release|Any CPU
		{458156D9-18D1-4E01-BAD6-604CBBE39E20}.Release|Any CPU.Build.0 = Release|Any CPU
	EndGlobalSection
	GlobalSection(SolutionProperties) = preSolution
		HideSolutionNode = FALSE
	EndGlobalSection
	GlobalSection(NestedProjects) = preSolution
		{610ADD8A-5CC6-48B1-BF25-756DDA8D8555} = {CC24F119-91DE-4063-A450-1C099AA2DFA3}
		{99AFB34B-1E63-4348-B36E-D3EC8FFBC4FE} = {CC24F119-91DE-4063-A450-1C099AA2DFA3}
		{FAD395E3-C2C3-41E0-A2EF-C257712A3205} = {610ADD8A-5CC6-48B1-BF25-756DDA8D8555}
		{3C4D5210-AA39-4679-96C3-F05915C5EE4C} = {610ADD8A-5CC6-48B1-BF25-756DDA8D8555}
		{4F6E71EC-71A1-42A2-83D0-61C5BFD128D9} = {610ADD8A-5CC6-48B1-BF25-756DDA8D8555}
		{A94E52DA-0499-404C-B85E-208C2ABD6F7C} = {610ADD8A-5CC6-48B1-BF25-756DDA8D8555}
		{2350B9BB-C30A-478E-B2EE-97FEAC674431} = {99AFB34B-1E63-4348-B36E-D3EC8FFBC4FE}
		{C40AD564-0A20-4EEE-B6EB-320A742894F2} = {99AFB34B-1E63-4348-B36E-D3EC8FFBC4FE}
		{5C077D4B-7308-4F41-8301-90B69658CCAD} = {7C528FFB-CC4C-4B04-9B03-2E2285F6F12A}
		{B532AFE1-7414-447D-9CDC-C514BFBD8474} = {7C528FFB-CC4C-4B04-9B03-2E2285F6F12A}
		{458156D9-18D1-4E01-BAD6-604CBBE39E20} = {7C528FFB-CC4C-4B04-9B03-2E2285F6F12A}
	EndGlobalSection
	GlobalSection(ExtensibilityGlobals) = postSolution
		SolutionGuid = {ABBB2DAD-55A0-46A0-BB70-53A9FFB5BA3F}
	EndGlobalSection
EndGlobal
